lockfileVersion: '6.1'

settings:
  autoInstallPeers: true
  excludeLinksFromLockfile: false

dependencies:
  '@aws-sdk/client-dynamodb':
    specifier: ^3.494.0
    version: 3.494.0
  '@aws-sdk/lib-dynamodb':
    specifier: ^3.494.0
    version: 3.494.0(@aws-sdk/client-dynamodb@3.494.0)
  dynamodb-toolbox:
    specifier: ^0.9.2
    version: 0.9.2(@aws-sdk/client-dynamodb@3.494.0)(@aws-sdk/lib-dynamodb@3.494.0)
  hono:
    specifier: ^3.12.5
    version: 3.12.5
  ksuid:
    specifier: ^3.0.0
    version: 3.0.0
  zod:
    specifier: ^3.22.4
    version: 3.22.4

devDependencies:
  '@types/bun':
    specifier: ^1.0.0
    version: 1.0.0

packages:

  /@aws-crypto/crc32@3.0.0:
    resolution: {integrity: sha512-IzSgsrxUcsrejQbPVilIKy16kAT52EwB6zSaI+M3xxIhKh5+aldEyvI+z6erM7TCLB2BJsFrtHjp6/4/sr+3dA==}
    dependencies:
      '@aws-crypto/util': 3.0.0
      '@aws-sdk/types': 3.489.0
      tslib: 1.14.1
    dev: false

  /@aws-crypto/ie11-detection@3.0.0:
    resolution: {integrity: sha512-341lBBkiY1DfDNKai/wXM3aujNBkXR7tq1URPQDL9wi3AUbI80NR74uF1TXHMm7po1AcnFk8iu2S2IeU/+/A+Q==}
    dependencies:
      tslib: 1.14.1
    dev: false

  /@aws-crypto/sha256-browser@3.0.0:
    resolution: {integrity: sha512-8VLmW2B+gjFbU5uMeqtQM6Nj0/F1bro80xQXCW6CQBWgosFWXTx77aeOF5CAIAmbOK64SdMBJdNr6J41yP5mvQ==}
    dependencies:
      '@aws-crypto/ie11-detection': 3.0.0
      '@aws-crypto/sha256-js': 3.0.0
      '@aws-crypto/supports-web-crypto': 3.0.0
      '@aws-crypto/util': 3.0.0
      '@aws-sdk/types': 3.489.0
      '@aws-sdk/util-locate-window': 3.465.0
      '@aws-sdk/util-utf8-browser': 3.259.0
      tslib: 1.14.1
    dev: false

  /@aws-crypto/sha256-js@3.0.0:
    resolution: {integrity: sha512-PnNN7os0+yd1XvXAy23CFOmTbMaDxgxXtTKHybrJ39Y8kGzBATgBFibWJKH6BhytLI/Zyszs87xCOBNyBig6vQ==}
    dependencies:
      '@aws-crypto/util': 3.0.0
      '@aws-sdk/types': 3.489.0
      tslib: 1.14.1
    dev: false

  /@aws-crypto/supports-web-crypto@3.0.0:
    resolution: {integrity: sha512-06hBdMwUAb2WFTuGG73LSC0wfPu93xWwo5vL2et9eymgmu3Id5vFAHBbajVWiGhPO37qcsdCap/FqXvJGJWPIg==}
    dependencies:
      tslib: 1.14.1
    dev: false

  /@aws-crypto/util@3.0.0:
    resolution: {integrity: sha512-2OJlpeJpCR48CC8r+uKVChzs9Iungj9wkZrl8Z041DWEWvyIHILYKCPNzJghKsivj+S3mLo6BVc7mBNzdxA46w==}
    dependencies:
      '@aws-sdk/types': 3.489.0
      '@aws-sdk/util-utf8-browser': 3.259.0
      tslib: 1.14.1
    dev: false

  /@aws-sdk/client-dynamodb@3.494.0:
    resolution: {integrity: sha512-sj0VAJD5M9nfrVSs3bMCpVXxEusWPum8UIRG0Hr+Ua/5ecPy3G+kbBVlpQW2vh5rTDq4BQiYDLkZM2kNtWfGJw==}
    engines: {node: '>=14.0.0'}
    dependencies:
      '@aws-crypto/sha256-browser': 3.0.0
      '@aws-crypto/sha256-js': 3.0.0
      '@aws-sdk/client-sts': 3.490.0
      '@aws-sdk/core': 3.490.0
      '@aws-sdk/credential-provider-node': 3.490.0
      '@aws-sdk/middleware-endpoint-discovery': 3.489.0
      '@aws-sdk/middleware-host-header': 3.489.0
      '@aws-sdk/middleware-logger': 3.489.0
      '@aws-sdk/middleware-recursion-detection': 3.489.0
      '@aws-sdk/middleware-user-agent': 3.489.0
      '@aws-sdk/region-config-resolver': 3.489.0
      '@aws-sdk/types': 3.489.0
      '@aws-sdk/util-endpoints': 3.489.0
      '@aws-sdk/util-user-agent-browser': 3.489.0
      '@aws-sdk/util-user-agent-node': 3.489.0
      '@smithy/config-resolver': 2.1.0
      '@smithy/core': 1.3.0
      '@smithy/fetch-http-handler': 2.4.0
      '@smithy/hash-node': 2.1.0
      '@smithy/invalid-dependency': 2.1.0
      '@smithy/middleware-content-length': 2.1.0
      '@smithy/middleware-endpoint': 2.4.0
      '@smithy/middleware-retry': 2.1.0
      '@smithy/middleware-serde': 2.1.0
      '@smithy/middleware-stack': 2.1.0
      '@smithy/node-config-provider': 2.2.0
      '@smithy/node-http-handler': 2.3.0
      '@smithy/protocol-http': 3.1.0
      '@smithy/smithy-client': 2.3.0
      '@smithy/types': 2.9.0
      '@smithy/url-parser': 2.1.0
      '@smithy/util-base64': 2.1.0
      '@smithy/util-body-length-browser': 2.1.0
      '@smithy/util-body-length-node': 2.2.0
      '@smithy/util-defaults-mode-browser': 2.1.0
      '@smithy/util-defaults-mode-node': 2.1.0
      '@smithy/util-endpoints': 1.1.0
      '@smithy/util-middleware': 2.1.0
      '@smithy/util-retry': 2.1.0
      '@smithy/util-utf8': 2.1.0
      '@smithy/util-waiter': 2.1.0
      tslib: 2.6.2
      uuid: 8.3.2
    transitivePeerDependencies:
      - aws-crt
    dev: false

  /@aws-sdk/client-sso@3.490.0:
    resolution: {integrity: sha512-yfxoHmCL1w/IKmFRfzCxdVCQrGlSQf4eei9iVEm5oi3iE8REFyPj3o/BmKQEHG3h2ITK5UbdYDb5TY4xoYHsyA==}
    engines: {node: '>=14.0.0'}
    dependencies:
      '@aws-crypto/sha256-browser': 3.0.0
      '@aws-crypto/sha256-js': 3.0.0
      '@aws-sdk/core': 3.490.0
      '@aws-sdk/middleware-host-header': 3.489.0
      '@aws-sdk/middleware-logger': 3.489.0
      '@aws-sdk/middleware-recursion-detection': 3.489.0
      '@aws-sdk/middleware-user-agent': 3.489.0
      '@aws-sdk/region-config-resolver': 3.489.0
      '@aws-sdk/types': 3.489.0
      '@aws-sdk/util-endpoints': 3.489.0
      '@aws-sdk/util-user-agent-browser': 3.489.0
      '@aws-sdk/util-user-agent-node': 3.489.0
      '@smithy/config-resolver': 2.1.0
      '@smithy/core': 1.3.0
      '@smithy/fetch-http-handler': 2.4.0
      '@smithy/hash-node': 2.1.0
      '@smithy/invalid-dependency': 2.1.0
      '@smithy/middleware-content-length': 2.1.0
      '@smithy/middleware-endpoint': 2.4.0
      '@smithy/middleware-retry': 2.1.0
      '@smithy/middleware-serde': 2.1.0
      '@smithy/middleware-stack': 2.1.0
      '@smithy/node-config-provider': 2.2.0
      '@smithy/node-http-handler': 2.3.0
      '@smithy/protocol-http': 3.1.0
      '@smithy/smithy-client': 2.3.0
      '@smithy/types': 2.9.0
      '@smithy/url-parser': 2.1.0
      '@smithy/util-base64': 2.1.0
      '@smithy/util-body-length-browser': 2.1.0
      '@smithy/util-body-length-node': 2.2.0
      '@smithy/util-defaults-mode-browser': 2.1.0
      '@smithy/util-defaults-mode-node': 2.1.0
      '@smithy/util-endpoints': 1.1.0
      '@smithy/util-retry': 2.1.0
      '@smithy/util-utf8': 2.1.0
      tslib: 2.6.2
    transitivePeerDependencies:
      - aws-crt
    dev: false

  /@aws-sdk/client-sts@3.490.0:
    resolution: {integrity: sha512-n2vQ5Qu2qi2I0XMI+IH99ElpIRHOJTa1+sqNC4juMYxKQBMvw+EnsqUtaL3QvTHoyxNB/R7mpkeBB6SzPQ1TtA==}
    engines: {node: '>=14.0.0'}
    dependencies:
      '@aws-crypto/sha256-browser': 3.0.0
      '@aws-crypto/sha256-js': 3.0.0
      '@aws-sdk/core': 3.490.0
      '@aws-sdk/credential-provider-node': 3.490.0
      '@aws-sdk/middleware-host-header': 3.489.0
      '@aws-sdk/middleware-logger': 3.489.0
      '@aws-sdk/middleware-recursion-detection': 3.489.0
      '@aws-sdk/middleware-user-agent': 3.489.0
      '@aws-sdk/region-config-resolver': 3.489.0
      '@aws-sdk/types': 3.489.0
      '@aws-sdk/util-endpoints': 3.489.0
      '@aws-sdk/util-user-agent-browser': 3.489.0
      '@aws-sdk/util-user-agent-node': 3.489.0
      '@smithy/config-resolver': 2.1.0
      '@smithy/core': 1.3.0
      '@smithy/fetch-http-handler': 2.4.0
      '@smithy/hash-node': 2.1.0
      '@smithy/invalid-dependency': 2.1.0
      '@smithy/middleware-content-length': 2.1.0
      '@smithy/middleware-endpoint': 2.4.0
      '@smithy/middleware-retry': 2.1.0
      '@smithy/middleware-serde': 2.1.0
      '@smithy/middleware-stack': 2.1.0
      '@smithy/node-config-provider': 2.2.0
      '@smithy/node-http-handler': 2.3.0
      '@smithy/protocol-http': 3.1.0
      '@smithy/smithy-client': 2.3.0
      '@smithy/types': 2.9.0
      '@smithy/url-parser': 2.1.0
      '@smithy/util-base64': 2.1.0
      '@smithy/util-body-length-browser': 2.1.0
      '@smithy/util-body-length-node': 2.2.0
      '@smithy/util-defaults-mode-browser': 2.1.0
      '@smithy/util-defaults-mode-node': 2.1.0
      '@smithy/util-endpoints': 1.1.0
      '@smithy/util-middleware': 2.1.0
      '@smithy/util-retry': 2.1.0
      '@smithy/util-utf8': 2.1.0
      fast-xml-parser: 4.2.5
      tslib: 2.6.2
    transitivePeerDependencies:
      - aws-crt
    dev: false

  /@aws-sdk/core@3.490.0:
    resolution: {integrity: sha512-TSBWkXtxMU7q1Zo6w3v5wIOr/sj7P5Jw3OyO7lJrFGsPsDC2xwpxkVqTesDxkzgMRypO52xjYEmveagn1xxBHg==}
    engines: {node: '>=14.0.0'}
    dependencies:
      '@smithy/core': 1.3.0
      '@smithy/protocol-http': 3.1.0
      '@smithy/signature-v4': 2.1.0
      '@smithy/smithy-client': 2.3.0
      '@smithy/types': 2.9.0
      tslib: 2.6.2
    dev: false

  /@aws-sdk/credential-provider-env@3.489.0:
    resolution: {integrity: sha512-5PqYsx9G5SB2tqPT9/z/u0EkF6D4wP6HTMWQs+DfMdmwXihrqQAgeYaTtV3KbXqb88p6sfacwxhUvE6+Rm494w==}
    engines: {node: '>=14.0.0'}
    dependencies:
      '@aws-sdk/types': 3.489.0
      '@smithy/property-provider': 2.1.0
      '@smithy/types': 2.9.0
      tslib: 2.6.2
    dev: false

  /@aws-sdk/credential-provider-ini@3.490.0:
    resolution: {integrity: sha512-7m63zyCpVqj9FsoDxWMWWRvL6c7zZzOcXYkHZmHujVVlmAXH0RT/vkXFkYgt+Ku+ov+v5NQrzwO5TmVoRt6O8g==}
    engines: {node: '>=14.0.0'}
    dependencies:
      '@aws-sdk/credential-provider-env': 3.489.0
      '@aws-sdk/credential-provider-process': 3.489.0
      '@aws-sdk/credential-provider-sso': 3.490.0
      '@aws-sdk/credential-provider-web-identity': 3.489.0
      '@aws-sdk/types': 3.489.0
      '@smithy/credential-provider-imds': 2.2.0
      '@smithy/property-provider': 2.1.0
      '@smithy/shared-ini-file-loader': 2.3.0
      '@smithy/types': 2.9.0
      tslib: 2.6.2
    transitivePeerDependencies:
      - aws-crt
    dev: false

  /@aws-sdk/credential-provider-node@3.490.0:
    resolution: {integrity: sha512-Gh33u2O5Xbout8G3z/Z5H/CZzdG1ophxf/XS3iMFxA1cazQ7swY1UMmGvB7Lm7upvax5anXouItD1Ph3gzKc4w==}
    engines: {node: '>=14.0.0'}
    dependencies:
      '@aws-sdk/credential-provider-env': 3.489.0
      '@aws-sdk/credential-provider-ini': 3.490.0
      '@aws-sdk/credential-provider-process': 3.489.0
      '@aws-sdk/credential-provider-sso': 3.490.0
      '@aws-sdk/credential-provider-web-identity': 3.489.0
      '@aws-sdk/types': 3.489.0
      '@smithy/credential-provider-imds': 2.2.0
      '@smithy/property-provider': 2.1.0
      '@smithy/shared-ini-file-loader': 2.3.0
      '@smithy/types': 2.9.0
      tslib: 2.6.2
    transitivePeerDependencies:
      - aws-crt
    dev: false

  /@aws-sdk/credential-provider-process@3.489.0:
    resolution: {integrity: sha512-3vKQYJZ5cZYjy0870CPmbmKRBgATw2xCygxhn4m4UDCjOXVXcGUtYD51DMWsvBo3S0W8kH+FIJV4yuEDMFqLFQ==}
    engines: {node: '>=14.0.0'}
    dependencies:
      '@aws-sdk/types': 3.489.0
      '@smithy/property-provider': 2.1.0
      '@smithy/shared-ini-file-loader': 2.3.0
      '@smithy/types': 2.9.0
      tslib: 2.6.2
    dev: false

  /@aws-sdk/credential-provider-sso@3.490.0:
    resolution: {integrity: sha512-3UUBUoPbFvT58IhS4Vb23omYj/QPNkjgxu9p9ruQ3KSjLkanI4w8t/l/jljA65q83P7CoLnM5UKG9L7RA8/V1Q==}
    engines: {node: '>=14.0.0'}
    dependencies:
      '@aws-sdk/client-sso': 3.490.0
      '@aws-sdk/token-providers': 3.489.0
      '@aws-sdk/types': 3.489.0
      '@smithy/property-provider': 2.1.0
      '@smithy/shared-ini-file-loader': 2.3.0
      '@smithy/types': 2.9.0
      tslib: 2.6.2
    transitivePeerDependencies:
      - aws-crt
    dev: false

  /@aws-sdk/credential-provider-web-identity@3.489.0:
    resolution: {integrity: sha512-mjIuE2Wg1H/ds0nXQ/7vfusEDudmdd8YzKZI1y5O4n60iZZtyB2RNIECtvLMx1EQAKclidY7/06qQkArrGau5Q==}
    engines: {node: '>=14.0.0'}
    dependencies:
      '@aws-sdk/types': 3.489.0
      '@smithy/property-provider': 2.1.0
      '@smithy/types': 2.9.0
      tslib: 2.6.2
    dev: false

  /@aws-sdk/endpoint-cache@3.465.0:
    resolution: {integrity: sha512-0cuotk23hVSrqxHkJ3TTWC9MVMRgwlUvCatyegJEauJnk8kpLSGXE5KVdExlUBwShGNlj7ac29okZ9m17iTi5Q==}
    engines: {node: '>=14.0.0'}
    dependencies:
      mnemonist: 0.38.3
      tslib: 2.6.2
    dev: false

  /@aws-sdk/lib-dynamodb@3.494.0(@aws-sdk/client-dynamodb@3.494.0):
    resolution: {integrity: sha512-SqTD19oeVkFN2PMa2oeozw/YmZkudLUV8mEiuEVURHWRIrQWXYc8YsiX6HdiypH5z74bTZX4mB90S0Kb2vNCfA==}
    engines: {node: '>=14.0.0'}
    peerDependencies:
      '@aws-sdk/client-dynamodb': ^3.0.0
    dependencies:
      '@aws-sdk/client-dynamodb': 3.494.0
      '@aws-sdk/util-dynamodb': 3.494.0(@aws-sdk/client-dynamodb@3.494.0)
      '@smithy/smithy-client': 2.3.0
      '@smithy/types': 2.9.0
      tslib: 2.6.2
    dev: false

  /@aws-sdk/middleware-endpoint-discovery@3.489.0:
    resolution: {integrity: sha512-R1DHQj5SdcYLnAkZ3X2cdERKmG+h+KejwkyNtzPNwmfOcsCrOVnRLtaXv4T9q9wJD6+SjN1zeQBQGyILI0CiQQ==}
    engines: {node: '>=14.0.0'}
    dependencies:
      '@aws-sdk/endpoint-cache': 3.465.0
      '@aws-sdk/types': 3.489.0
      '@smithy/node-config-provider': 2.2.0
      '@smithy/protocol-http': 3.1.0
      '@smithy/types': 2.9.0
      tslib: 2.6.2
    dev: false

  /@aws-sdk/middleware-host-header@3.489.0:
    resolution: {integrity: sha512-Cl7HJ1jhOfllwf0CRx1eB4ypRGMqdGKWpc0eSTXty7wWSvCdMZUhwfjQqu2bIOIlgYxg/gFu6TVmVZ6g4O8PlA==}
    engines: {node: '>=14.0.0'}
    dependencies:
      '@aws-sdk/types': 3.489.0
      '@smithy/protocol-http': 3.1.0
      '@smithy/types': 2.9.0
      tslib: 2.6.2
    dev: false

  /@aws-sdk/middleware-logger@3.489.0:
    resolution: {integrity: sha512-+EVDnWese61MdImcBNAgz/AhTcIZJaska/xsU3GWU9CP905x4a4qZdB7fExFMDu1Jlz5pJqNteFYYHCFMJhHfg==}
    engines: {node: '>=14.0.0'}
    dependencies:
      '@aws-sdk/types': 3.489.0
      '@smithy/types': 2.9.0
      tslib: 2.6.2
    dev: false

  /@aws-sdk/middleware-recursion-detection@3.489.0:
    resolution: {integrity: sha512-m4rU+fTzziQcu9DKjRNZ4nQlXENEd2ZnJblJV4ONdWqqEjbmOgOj3P6aCCQlJdIbzuNvX1FBOZ5tY59ZpERo7Q==}
    engines: {node: '>=14.0.0'}
    dependencies:
      '@aws-sdk/types': 3.489.0
      '@smithy/protocol-http': 3.1.0
      '@smithy/types': 2.9.0
      tslib: 2.6.2
    dev: false

  /@aws-sdk/middleware-user-agent@3.489.0:
    resolution: {integrity: sha512-M54Cv2fAN3GGgdfUjLtZ4wFUIrfM/ivbXv4DgpcNsacEQ2g4H+weQgKp41X7XZW8MWAzl+k1zJaryK69RYNQkQ==}
    engines: {node: '>=14.0.0'}
    dependencies:
      '@aws-sdk/types': 3.489.0
      '@aws-sdk/util-endpoints': 3.489.0
      '@smithy/protocol-http': 3.1.0
      '@smithy/types': 2.9.0
      tslib: 2.6.2
    dev: false

  /@aws-sdk/region-config-resolver@3.489.0:
    resolution: {integrity: sha512-UvrnB78XTz9ddby7mr0vuUHn2MO3VTjzaIu+GQhyedMGQU0QlIQrYOlzbbu4LC5rL1O8FxFLUxRe/AAjgwyuGw==}
    engines: {node: '>=14.0.0'}
    dependencies:
      '@aws-sdk/types': 3.489.0
      '@smithy/node-config-provider': 2.2.0
      '@smithy/types': 2.9.0
      '@smithy/util-config-provider': 2.2.0
      '@smithy/util-middleware': 2.1.0
      tslib: 2.6.2
    dev: false

  /@aws-sdk/token-providers@3.489.0:
    resolution: {integrity: sha512-hSgjB8CMQoA8EIQ0ripDjDtbBcWDSa+7vSBYPIzksyknaGERR/GUfGXLV2dpm5t17FgFG6irT5f3ZlBzarL8Dw==}
    engines: {node: '>=14.0.0'}
    dependencies:
      '@aws-crypto/sha256-browser': 3.0.0
      '@aws-crypto/sha256-js': 3.0.0
      '@aws-sdk/middleware-host-header': 3.489.0
      '@aws-sdk/middleware-logger': 3.489.0
      '@aws-sdk/middleware-recursion-detection': 3.489.0
      '@aws-sdk/middleware-user-agent': 3.489.0
      '@aws-sdk/region-config-resolver': 3.489.0
      '@aws-sdk/types': 3.489.0
      '@aws-sdk/util-endpoints': 3.489.0
      '@aws-sdk/util-user-agent-browser': 3.489.0
      '@aws-sdk/util-user-agent-node': 3.489.0
      '@smithy/config-resolver': 2.1.0
      '@smithy/fetch-http-handler': 2.4.0
      '@smithy/hash-node': 2.1.0
      '@smithy/invalid-dependency': 2.1.0
      '@smithy/middleware-content-length': 2.1.0
      '@smithy/middleware-endpoint': 2.4.0
      '@smithy/middleware-retry': 2.1.0
      '@smithy/middleware-serde': 2.1.0
      '@smithy/middleware-stack': 2.1.0
      '@smithy/node-config-provider': 2.2.0
      '@smithy/node-http-handler': 2.3.0
      '@smithy/property-provider': 2.1.0
      '@smithy/protocol-http': 3.1.0
      '@smithy/shared-ini-file-loader': 2.3.0
      '@smithy/smithy-client': 2.3.0
      '@smithy/types': 2.9.0
      '@smithy/url-parser': 2.1.0
      '@smithy/util-base64': 2.1.0
      '@smithy/util-body-length-browser': 2.1.0
      '@smithy/util-body-length-node': 2.2.0
      '@smithy/util-defaults-mode-browser': 2.1.0
      '@smithy/util-defaults-mode-node': 2.1.0
      '@smithy/util-endpoints': 1.1.0
      '@smithy/util-retry': 2.1.0
      '@smithy/util-utf8': 2.1.0
      tslib: 2.6.2
    transitivePeerDependencies:
      - aws-crt
    dev: false

  /@aws-sdk/types@3.489.0:
    resolution: {integrity: sha512-kcDtLfKog/p0tC4gAeqJqWxAiEzfe2LRPnKamvSG2Mjbthx4R/alE2dxyIq/wW+nvRv0fqR3OD5kD1+eVfdr/w==}
    engines: {node: '>=14.0.0'}
    dependencies:
      '@smithy/types': 2.9.0
      tslib: 2.6.2
    dev: false

  /@aws-sdk/util-dynamodb@3.494.0(@aws-sdk/client-dynamodb@3.494.0):
    resolution: {integrity: sha512-C4Ggb2UVAj072wumjuwFksbPNmhlHGIZ3HbaJrjimsNwi1oNVuMAWZwipx/VS6vDtsTBlUOZnS2SywFouSXpXA==}
    engines: {node: '>=14.0.0'}
    peerDependencies:
      '@aws-sdk/client-dynamodb': ^3.0.0
    dependencies:
      '@aws-sdk/client-dynamodb': 3.494.0
      tslib: 2.6.2
    dev: false

  /@aws-sdk/util-endpoints@3.489.0:
    resolution: {integrity: sha512-uGyG1u84ATX03mf7bT4xD9XD/vlYJGD5+RxMN/UpzeTfzXfh+jvCQWbOQ44z8ttFJWYQQqrLxkfpF/JgvALzLA==}
    engines: {node: '>=14.0.0'}
    dependencies:
      '@aws-sdk/types': 3.489.0
      '@smithy/types': 2.9.0
      '@smithy/util-endpoints': 1.1.0
      tslib: 2.6.2
    dev: false

  /@aws-sdk/util-locate-window@3.465.0:
    resolution: {integrity: sha512-f+QNcWGswredzC1ExNAB/QzODlxwaTdXkNT5cvke2RLX8SFU5pYk6h4uCtWC0vWPELzOfMfloBrJefBzlarhsw==}
    engines: {node: '>=14.0.0'}
    dependencies:
      tslib: 2.6.2
    dev: false

  /@aws-sdk/util-user-agent-browser@3.489.0:
    resolution: {integrity: sha512-85B9KMsuMpAZauzWQ16r52ZBAHYnznW6BVitnBglsibN7oJKn10Hggt4QGuRhvQFCxQ8YhvBl7r+vQGFO4hxIw==}
    dependencies:
      '@aws-sdk/types': 3.489.0
      '@smithy/types': 2.9.0
      bowser: 2.11.0
      tslib: 2.6.2
    dev: false

  /@aws-sdk/util-user-agent-node@3.489.0:
    resolution: {integrity: sha512-CYdkBHig8sFNc0dv11Ni9WXvZQHeI5+z77OrDHKkbidFx/V4BDTuwZw4K1vWg62pzFOEfzunJFiULRcDZWJR3w==}
    engines: {node: '>=14.0.0'}
    peerDependencies:
      aws-crt: '>=1.0.0'
    peerDependenciesMeta:
      aws-crt:
        optional: true
    dependencies:
      '@aws-sdk/types': 3.489.0
      '@smithy/node-config-provider': 2.2.0
      '@smithy/types': 2.9.0
      tslib: 2.6.2
    dev: false

  /@aws-sdk/util-utf8-browser@3.259.0:
    resolution: {integrity: sha512-UvFa/vR+e19XookZF8RzFZBrw2EUkQWxiBW0yYQAhvk3C+QVGl0H3ouca8LDBlBfQKXwmW3huo/59H8rwb1wJw==}
    dependencies:
      tslib: 2.6.2
    dev: false

  /@smithy/abort-controller@2.1.0:
    resolution: {integrity: sha512-fyPlWpzXyKzDVRRMUbsfH7AV/2xX+dyZ5RqeEo6Hjz9YUvDMGVSnm88iHH0zqZ+XmH4+sH4+mhwRL76HXX65uw==}
    engines: {node: '>=14.0.0'}
    dependencies:
      '@smithy/types': 2.9.0
      tslib: 2.6.2
    dev: false

  /@smithy/config-resolver@2.1.0:
    resolution: {integrity: sha512-NcR1Hw2uZgwHT7/KFsQH76YHb/mNGLFu+hS0ODnoFUpViE8ddIVOXm/8sgwdh0QvFPtWGzPn0Wcp19Cm31wv2A==}
    engines: {node: '>=14.0.0'}
    dependencies:
      '@smithy/node-config-provider': 2.2.0
      '@smithy/types': 2.9.0
      '@smithy/util-config-provider': 2.2.0
      '@smithy/util-middleware': 2.1.0
      tslib: 2.6.2
    dev: false

  /@smithy/core@1.3.0:
    resolution: {integrity: sha512-XoU9eiICwhxZIyAdugijyD/YqsumDQ3FgGyFSJibO60qoUkdfMGSjnIvrTemjFBdnDsj4B26F/ZRxSR3PUJbJQ==}
    engines: {node: '>=14.0.0'}
    dependencies:
      '@smithy/middleware-endpoint': 2.4.0
      '@smithy/middleware-retry': 2.1.0
      '@smithy/middleware-serde': 2.1.0
      '@smithy/protocol-http': 3.1.0
      '@smithy/smithy-client': 2.3.0
      '@smithy/types': 2.9.0
      '@smithy/util-middleware': 2.1.0
      tslib: 2.6.2
    dev: false

  /@smithy/credential-provider-imds@2.2.0:
    resolution: {integrity: sha512-uqoRizHR8rKih6SuWcJRSv46tdqZk1zPEk6r909O87XO85j21MfUcxRKzbkORM2JOlaFhCH4geRcvlvYfK6EyQ==}
    engines: {node: '>=14.0.0'}
    dependencies:
      '@smithy/node-config-provider': 2.2.0
      '@smithy/property-provider': 2.1.0
      '@smithy/types': 2.9.0
      '@smithy/url-parser': 2.1.0
      tslib: 2.6.2
    dev: false

  /@smithy/eventstream-codec@2.1.0:
    resolution: {integrity: sha512-1yQnf8bSycsZ5ICXVMf8pEj1DQSUsw6/3H4nEdzH2+E3RZdNGPjVecQEm9kWPW7fvXvNvzT8MvZOQdk1IWoVTg==}
    dependencies:
      '@aws-crypto/crc32': 3.0.0
      '@smithy/types': 2.9.0
      '@smithy/util-hex-encoding': 2.1.0
      tslib: 2.6.2
    dev: false

  /@smithy/fetch-http-handler@2.4.0:
    resolution: {integrity: sha512-fLhPNfbWG8vTcS9PsR1wjHaA54kDcSiAZKVuVAfjHleS7QDWjrCr1SDUqCB2yAc9NBLe2lIDbDL8+i9yoYhxoQ==}
    dependencies:
      '@smithy/protocol-http': 3.1.0
      '@smithy/querystring-builder': 2.1.0
      '@smithy/types': 2.9.0
      '@smithy/util-base64': 2.1.0
      tslib: 2.6.2
    dev: false

  /@smithy/hash-node@2.1.0:
    resolution: {integrity: sha512-/B7b6NNjw+i4PlwsrYHmxmmrTxp2oRejgZH26HhXE77XWwAiPEI9iHu7GZR9fYhm7Fsj66Z9Bk6JA9aEvUC9/w==}
    engines: {node: '>=14.0.0'}
    dependencies:
      '@smithy/types': 2.9.0
      '@smithy/util-buffer-from': 2.1.0
      '@smithy/util-utf8': 2.1.0
      tslib: 2.6.2
    dev: false

  /@smithy/invalid-dependency@2.1.0:
    resolution: {integrity: sha512-hvryGI0KChV4jMgK/kwr6U4/HaYldzjiQAZ+c//QAMDoCp0KkP0Xt94XqAkr7Uq08577mAMW5U70YCaAx+KjSQ==}
    dependencies:
      '@smithy/types': 2.9.0
      tslib: 2.6.2
    dev: false

  /@smithy/is-array-buffer@2.1.0:
    resolution: {integrity: sha512-XnQvn/6ie5kjFyeW94NqSjGGOdMuB2WnNmDWKHHLVMCR/Emu7B8pcAZX4k8H3tjDujXAQvfBrEgmPRq6FgqmZg==}
    engines: {node: '>=14.0.0'}
    dependencies:
      tslib: 2.6.2
    dev: false

  /@smithy/middleware-content-length@2.1.0:
    resolution: {integrity: sha512-XYhKZPuS8nnecdx0IGGUt1Nt2/ekoVOw1zal4c0ARRaLJEw+umFLxwHUelIeBocbdOcPCeZRE6pdk35Y2T2wpw==}
    engines: {node: '>=14.0.0'}
    dependencies:
      '@smithy/protocol-http': 3.1.0
      '@smithy/types': 2.9.0
      tslib: 2.6.2
    dev: false

  /@smithy/middleware-endpoint@2.4.0:
    resolution: {integrity: sha512-GMebLCihCxIlbPdA/l6WDpNJppIgW5OeTJkIAbqVArg1vFxZ92XhW+UwN12av5OAXswySGJ80/fpDFP7HmSyYg==}
    engines: {node: '>=14.0.0'}
    dependencies:
      '@smithy/middleware-serde': 2.1.0
      '@smithy/node-config-provider': 2.2.0
      '@smithy/shared-ini-file-loader': 2.3.0
      '@smithy/types': 2.9.0
      '@smithy/url-parser': 2.1.0
      '@smithy/util-middleware': 2.1.0
      tslib: 2.6.2
    dev: false

  /@smithy/middleware-retry@2.1.0:
    resolution: {integrity: sha512-lGEVds90hFyIAvypH58rwC6j9mrCR2ZwYbcxow7AgW6sWCCoBppz5FtLpgSg6QV/CTRh8K7w4kxGVx8LqINQBg==}
    engines: {node: '>=14.0.0'}
    dependencies:
      '@smithy/node-config-provider': 2.2.0
      '@smithy/protocol-http': 3.1.0
      '@smithy/service-error-classification': 2.1.0
      '@smithy/smithy-client': 2.3.0
      '@smithy/types': 2.9.0
      '@smithy/util-middleware': 2.1.0
      '@smithy/util-retry': 2.1.0
      tslib: 2.6.2
      uuid: 8.3.2
    dev: false

  /@smithy/middleware-serde@2.1.0:
    resolution: {integrity: sha512-iysAUIDKsc354HMnYVQxMJEzNaOrQQvE86b1oSl2fRwcFqn+9TTi028a37PLFE+ccAiyVGjBjB8PBsAz9plUug==}
    engines: {node: '>=14.0.0'}
    dependencies:
      '@smithy/types': 2.9.0
      tslib: 2.6.2
    dev: false

  /@smithy/middleware-stack@2.1.0:
    resolution: {integrity: sha512-y5Ph/TWfO7oTfxNqKU+uAK5cFRTYeP16ReOmDweq+zQ8NQODDg7LSxsfQT4Wp0mhIvm0bt3pZp66T1YMtnihWw==}
    engines: {node: '>=14.0.0'}
    dependencies:
      '@smithy/types': 2.9.0
      tslib: 2.6.2
    dev: false

  /@smithy/node-config-provider@2.2.0:
    resolution: {integrity: sha512-rU82PFR32Bxo4EMGUJ2BGG+K97zUp9j6SWjG83T2itmbXwA/+DoCc4xCON8kcmdej822x1yLcSzFiTeg0b472w==}
    engines: {node: '>=14.0.0'}
    dependencies:
      '@smithy/property-provider': 2.1.0
      '@smithy/shared-ini-file-loader': 2.3.0
      '@smithy/types': 2.9.0
      tslib: 2.6.2
    dev: false

  /@smithy/node-http-handler@2.3.0:
    resolution: {integrity: sha512-8jcQaOdrD/X0VihhM2W/KtJ5fvKaT8UpNf/pl/epvLQ6MkAttIMaCLex6xk31BpFSPvS2+q65ZdBBjQ3cMOSiA==}
    engines: {node: '>=14.0.0'}
    dependencies:
      '@smithy/abort-controller': 2.1.0
      '@smithy/protocol-http': 3.1.0
      '@smithy/querystring-builder': 2.1.0
      '@smithy/types': 2.9.0
      tslib: 2.6.2
    dev: false

  /@smithy/property-provider@2.1.0:
    resolution: {integrity: sha512-6cpCSsgwbKHnl567SrthpqLgZ7e5jc7qPHG6wz9U2T24vcUp2yiG0vdAlH1QdTH20+/PGamKR0ZM35a08X1Tbg==}
    engines: {node: '>=14.0.0'}
    dependencies:
      '@smithy/types': 2.9.0
      tslib: 2.6.2
    dev: false

  /@smithy/protocol-http@3.1.0:
    resolution: {integrity: sha512-CGNzkKza1yUga7sv+U4gx3jbwSh5x42/9vy0E/NoR2HTFken2MuMc/bClxXAO0Z6EQoTYHHA6FMCREXwSP04lg==}
    engines: {node: '>=14.0.0'}
    dependencies:
      '@smithy/types': 2.9.0
      tslib: 2.6.2
    dev: false

  /@smithy/querystring-builder@2.1.0:
    resolution: {integrity: sha512-8QColSkqn9TbvpX40zW0T8IrKcLXg7Um4bczm9qIYDRPh8T873WNIOWzYBw8chI8SWizMXbsSR95PFCP/YlgYw==}
    engines: {node: '>=14.0.0'}
    dependencies:
      '@smithy/types': 2.9.0
      '@smithy/util-uri-escape': 2.1.0
      tslib: 2.6.2
    dev: false

  /@smithy/querystring-parser@2.1.0:
    resolution: {integrity: sha512-+l17LQQxelslo5CHsLXwSw2F1J6Qmf64OgByreNnLR82gHkJ91ZbMFhxZeLTo2qXxEu0uqraMc4uNw8qE9A6bw==}
    engines: {node: '>=14.0.0'}
    dependencies:
      '@smithy/types': 2.9.0
      tslib: 2.6.2
    dev: false

  /@smithy/service-error-classification@2.1.0:
    resolution: {integrity: sha512-yBMJk4IfYqUxsPmc8P0YtWHd/Kbd0PP+kU0dgFksH6eiE2ZQJl7478xNtkUKp2QJLcooYEbA3gBFUza6ukXMiA==}
    engines: {node: '>=14.0.0'}
    dependencies:
      '@smithy/types': 2.9.0
    dev: false

  /@smithy/shared-ini-file-loader@2.3.0:
    resolution: {integrity: sha512-jgm7cjj0d08jIB9cp4idtpIUY590Twecv4xpijgl2IzkrPfBddzKTH4Zk+Zwfyk8ecz2T/7ihqtnNcq7Qdj9lw==}
    engines: {node: '>=14.0.0'}
    dependencies:
      '@smithy/types': 2.9.0
      tslib: 2.6.2
    dev: false

  /@smithy/signature-v4@2.1.0:
    resolution: {integrity: sha512-ONi89MBjxNtl497obaO/qGixsOedikTV3CAj3ZBPGY3IKykS8wQ2Wkctsx2T1J5B9OnynH0KuGGmgG91utX/7w==}
    engines: {node: '>=14.0.0'}
    dependencies:
      '@smithy/eventstream-codec': 2.1.0
      '@smithy/is-array-buffer': 2.1.0
      '@smithy/types': 2.9.0
      '@smithy/util-hex-encoding': 2.1.0
      '@smithy/util-middleware': 2.1.0
      '@smithy/util-uri-escape': 2.1.0
      '@smithy/util-utf8': 2.1.0
      tslib: 2.6.2
    dev: false

  /@smithy/smithy-client@2.3.0:
    resolution: {integrity: sha512-oEaLdVmHcbdK8IHQ4yE7xOYK2nSkF2xXp6nRr5NhfKB5QTKNzpNsXLiGJgfmm7j0ol1S6BhjyBhi7tZ8M0JJtg==}
    engines: {node: '>=14.0.0'}
    dependencies:
      '@smithy/middleware-endpoint': 2.4.0
      '@smithy/middleware-stack': 2.1.0
      '@smithy/protocol-http': 3.1.0
      '@smithy/types': 2.9.0
      '@smithy/util-stream': 2.1.0
      tslib: 2.6.2
    dev: false

  /@smithy/types@2.9.0:
    resolution: {integrity: sha512-ST1M87Lf2cLHRI+irEFRIHXGY08HHTAUbiRFYkmFyJdTMg3VDxkcm7DwW9/EgV3X8M6wDPrbIkx/RXONyttrQg==}
    engines: {node: '>=14.0.0'}
    dependencies:
      tslib: 2.6.2
    dev: false

  /@smithy/url-parser@2.1.0:
    resolution: {integrity: sha512-V3FMzNFCDwQNAgJdxI6Gj48qP9WAyvK59WE90hOoya3m8ey02uLDhWjZkl+505s7iTVVmJ7Mr7nKwG5vU2NIMQ==}
    dependencies:
      '@smithy/querystring-parser': 2.1.0
      '@smithy/types': 2.9.0
      tslib: 2.6.2
    dev: false

  /@smithy/util-base64@2.1.0:
    resolution: {integrity: sha512-zjXlHFm7S+TEDVA3j1rWGpuNDTlTxIWDqzwIfWUENT0VqCGDAdJITd8RYVjduf3u8HWMlgALkrY6B62UTESQ5w==}
    engines: {node: '>=14.0.0'}
    dependencies:
      '@smithy/util-buffer-from': 2.1.0
      tslib: 2.6.2
    dev: false

  /@smithy/util-body-length-browser@2.1.0:
    resolution: {integrity: sha512-fkLY8W+jXGSkymLNe9NB7u6lGflHz6w1R+a3RxLOK6UrtwU4LBLskAP5Ag/zVPUNd5tmfv3/W6cTVzk8IBJuiw==}
    dependencies:
      tslib: 2.6.2
    dev: false

  /@smithy/util-body-length-node@2.2.0:
    resolution: {integrity: sha512-ZLsqYH+s71y6Oc2Auws6zYI4LzsSi6N8+W+Gq7CwXaZm7QIKGiCeEunEwxo50OGAqJs0g6F9kCIwNxhlK1s4Aw==}
    engines: {node: '>=14.0.0'}
    dependencies:
      tslib: 2.6.2
    dev: false

  /@smithy/util-buffer-from@2.1.0:
    resolution: {integrity: sha512-3w7AM0moGyBmr9gMBGE7+pqG3cjboRvmMyRhpesbJoOUHO0BV1Qrk00M/wQ3EHJAQXM3dehQfFNUf7sR6nT6+Q==}
    engines: {node: '>=14.0.0'}
    dependencies:
      '@smithy/is-array-buffer': 2.1.0
      tslib: 2.6.2
    dev: false

  /@smithy/util-config-provider@2.2.0:
    resolution: {integrity: sha512-D3Gx0BWXjsn1E25ikUt0+yc8oZnViTa5IHZ1JvD9J1NyyVS4c3IgHqbG64XRverEMnhzUb0EhqMTwQTY12in+w==}
    engines: {node: '>=14.0.0'}
    dependencies:
      tslib: 2.6.2
    dev: false

  /@smithy/util-defaults-mode-browser@2.1.0:
    resolution: {integrity: sha512-zmXL4aKeBGBz02kDZdks2QfG+HGq99Tp4/ICPmu2OvSbwTOLjmlCnUrtZJTmLhX4etP3o0voOL9gFEa2PSjlJg==}
    engines: {node: '>= 10.0.0'}
    dependencies:
      '@smithy/property-provider': 2.1.0
      '@smithy/smithy-client': 2.3.0
      '@smithy/types': 2.9.0
      bowser: 2.11.0
      tslib: 2.6.2
    dev: false

  /@smithy/util-defaults-mode-node@2.1.0:
    resolution: {integrity: sha512-pVBaw2fBJMjjJj+AR69xQhjzYLZ5u9azdKyaAAjR16dthdBOcnczBClBVCfhb/Moj0ivIHnaXJ5AXCdbDok94g==}
    engines: {node: '>= 10.0.0'}
    dependencies:
      '@smithy/config-resolver': 2.1.0
      '@smithy/credential-provider-imds': 2.2.0
      '@smithy/node-config-provider': 2.2.0
      '@smithy/property-provider': 2.1.0
      '@smithy/smithy-client': 2.3.0
      '@smithy/types': 2.9.0
      tslib: 2.6.2
    dev: false

  /@smithy/util-endpoints@1.1.0:
    resolution: {integrity: sha512-gKzfdj5pyEOg1fVOsZVpVPRWAXbWqt9JgZdwU4cjKlJ57Fuccfk0ui5twh1TYvuJWtR2Tw3GwUmUuBM3qRWJJg==}
    engines: {node: '>= 14.0.0'}
    dependencies:
      '@smithy/node-config-provider': 2.2.0
      '@smithy/types': 2.9.0
      tslib: 2.6.2
    dev: false

  /@smithy/util-hex-encoding@2.1.0:
    resolution: {integrity: sha512-haxSIaBxn3p/lK+bEyqC32myHffacBLD61/HHzBGcG1Vo8dFTm5y0vhdR5R4wakW7H8Tr/czx+uckDOWZ1Km9Q==}
    engines: {node: '>=14.0.0'}
    dependencies:
      tslib: 2.6.2
    dev: false

  /@smithy/util-middleware@2.1.0:
    resolution: {integrity: sha512-bKfhAsdjRyGmYDsJUW5hPsL3qofgPgLPsuV+V6nNGyD/kjMobwstiIpA3ddGFT+XDwVOIUHElg7I06/wOpwKiQ==}
    engines: {node: '>=14.0.0'}
    dependencies:
      '@smithy/types': 2.9.0
      tslib: 2.6.2
    dev: false

  /@smithy/util-retry@2.1.0:
    resolution: {integrity: sha512-igJw+/olhAUtocMbEMBjy8SKRTHfefS+qcgmMUVEBLFgLjqMfpc8EDVB1BebNBQ1rre5yLDbi2UHUz48eZNkPQ==}
    engines: {node: '>= 14.0.0'}
    dependencies:
      '@smithy/service-error-classification': 2.1.0
      '@smithy/types': 2.9.0
      tslib: 2.6.2
    dev: false

  /@smithy/util-stream@2.1.0:
    resolution: {integrity: sha512-lcw9JVXLHvRawaXnfxdnGRw5pQM5c9XMEkBuMec+fIhGuPHIezqhQq7oO0jJcj0xwupJzW6HAvinktr9ozdKyg==}
    engines: {node: '>=14.0.0'}
    dependencies:
      '@smithy/fetch-http-handler': 2.4.0
      '@smithy/node-http-handler': 2.3.0
      '@smithy/types': 2.9.0
      '@smithy/util-base64': 2.1.0
      '@smithy/util-buffer-from': 2.1.0
      '@smithy/util-hex-encoding': 2.1.0
      '@smithy/util-utf8': 2.1.0
      tslib: 2.6.2
    dev: false

  /@smithy/util-uri-escape@2.1.0:
    resolution: {integrity: sha512-ZHYFGyF9o/MHGMGtsHfkxnn2DhGRZlDIFGNgipu4K3x8jMEVahQ+tGnlkFVMM2QrSQHCcjICbBTJ5JEgaD5+Jg==}
    engines: {node: '>=14.0.0'}
    dependencies:
      tslib: 2.6.2
    dev: false

  /@smithy/util-utf8@2.1.0:
    resolution: {integrity: sha512-RnNNedYLpsNPQocMhr0nGEz0mGKdzI5dBi0h7vvmimULtBlyElgX1/hXozlkurIgx8R3bSy14/oRtmDsFClifg==}
    engines: {node: '>=14.0.0'}
    dependencies:
      '@smithy/util-buffer-from': 2.1.0
      tslib: 2.6.2
    dev: false

  /@smithy/util-waiter@2.1.0:
    resolution: {integrity: sha512-BqfpYb4oNsQn6hhd4zDk8X6srVmiNOXHBFQz0vQSScS8Zliam7oLjlf/gHw02ewwxzi9229UQZF+UnG2jV6JGw==}
    engines: {node: '>=14.0.0'}
    dependencies:
      '@smithy/abort-controller': 2.1.0
      '@smithy/types': 2.9.0
      tslib: 2.6.2
    dev: false

  /@types/bun@1.0.0:
    resolution: {integrity: sha512-TPI/aImv/fSo0SWlt29wq0tWRqQOWsC4FOXYeUK0Ni6tAS+FqJZ2p7QCGY4hmHaHQeE2KhKJ6Qn9k3kvFfXD3Q==}
    dependencies:
      bun-types: 1.0.18
    dev: true

  /base-convert-int-array@1.0.1:
    resolution: {integrity: sha512-NWqzaoXx8L/SS32R+WmKqnQkVXVYl2PwNJ68QV3RAlRRL1uV+yxJT66abXI1cAvqCXQTyXr7/9NN4Af90/zDVw==}
    dev: false

  /bowser@2.11.0:
    resolution: {integrity: sha512-AlcaJBi/pqqJBIQ8U9Mcpc9i8Aqxn88Skv5d+xBX006BY5u8N3mGLHa5Lgppa7L/HfwgwLgZ6NYs+Ag6uUmJRA==}
    dev: false

  /bun-types@1.0.18:
    resolution: {integrity: sha512-1XZ7AxOF8oO8FZtw1xj006JAKxEjulK3dUhsktZVN95vXBlsf4NIjQxfistVdpt24v3H2I9BwHp+UU+gXSSpAw==}
    dev: true

  /deep-copy@1.4.2:
    resolution: {integrity: sha512-VxZwQ/1+WGQPl5nE67uLhh7OqdrmqI1OazrraO9Bbw/M8Bt6Mol/RxzDA6N6ZgRXpsG/W9PgUj8E1LHHBEq2GQ==}
    engines: {node: '>=4.0.0'}
    dev: false

  /dynamodb-toolbox@0.9.2(@aws-sdk/client-dynamodb@3.494.0)(@aws-sdk/lib-dynamodb@3.494.0):
    resolution: {integrity: sha512-vBn6baXXritGmin90f6nF5ufZqNjbVhl20jUKdmAAgwmSMBa/CQ3U81Ypr37c+NFeaYOk63ZmoDiraAKXtB7wQ==}
    engines: {node: '>=14.0.0'}
    peerDependencies:
      '@aws-sdk/client-dynamodb': ^3.0.0
      '@aws-sdk/lib-dynamodb': ^3.0.0
    dependencies:
      '@aws-sdk/client-dynamodb': 3.494.0
      '@aws-sdk/lib-dynamodb': 3.494.0(@aws-sdk/client-dynamodb@3.494.0)
      deep-copy: 1.4.2
      ts-toolbelt: 9.6.0
    dev: false

  /fast-xml-parser@4.2.5:
    resolution: {integrity: sha512-B9/wizE4WngqQftFPmdaMYlXoJlJOYxGQOanC77fq9k8+Z0v5dDSVh+3glErdIROP//s/jgb7ZuxKfB8nVyo0g==}
    hasBin: true
    dependencies:
      strnum: 1.0.5
    dev: false

  /hono@3.12.5:
    resolution: {integrity: sha512-oIuZfMGwk/IUIAOW+9/VZhT4g99Wce39GYBs2nhY7386iYFAprI8vF2/+nfXjzlrY+CXGJ0+GxF833nN0oRp2w==}
    engines: {node: '>=16.0.0'}
    dev: false

  /ksuid@3.0.0:
    resolution: {integrity: sha512-81CkBGn/06ZVAjGvFZi6fVG8VcPeMH0JpJ4V1Z9VwrMMaGIeAjY4jrVdrIcxhL9I2ZUU6t5uiyswcmkk+KZegA==}
    dependencies:
      base-convert-int-array: 1.0.1
    dev: false

  /mnemonist@0.38.3:
    resolution: {integrity: sha512-2K9QYubXx/NAjv4VLq1d1Ly8pWNC5L3BrixtdkyTegXWJIqY+zLNDhhX/A+ZwWt70tB1S8H4BE8FLYEFyNoOBw==}
    dependencies:
      obliterator: 1.6.1
    dev: false

  /obliterator@1.6.1:
    resolution: {integrity: sha512-9WXswnqINnnhOG/5SLimUlzuU1hFJUc8zkwyD59Sd+dPOMf05PmnYG/d6Q7HZ+KmgkZJa1PxRso6QdM3sTNHig==}
    dev: false

  /strnum@1.0.5:
    resolution: {integrity: sha512-J8bbNyKKXl5qYcR36TIO8W3mVGVHrmmxsd5PAItGkmyzwJvybiw2IVq5nqd0i4LSNSkB/sx9VHllbfFdr9k1JA==}
    dev: false

  /ts-toolbelt@9.6.0:
    resolution: {integrity: sha512-nsZd8ZeNUzukXPlJmTBwUAuABDe/9qtVDelJeT/qW0ow3ZS3BsQJtNkan1802aM9Uf68/Y8ljw86Hu0h5IUW3w==}
    dev: false

  /tslib@1.14.1:
    resolution: {integrity: sha512-Xni35NKzjgMrwevysHTCArtLDpPvye8zV/0E4EyYn43P7/7qvQwPh9BGkHewbMulVntbigmcT7rdX3BNo9wRJg==}
    dev: false

  /tslib@2.6.2:
    resolution: {integrity: sha512-AEYxH93jGFPn/a2iVAwW87VuUIkR1FVUKB77NwMF7nBTDkDrrT/Hpt/IrCJ0QXhW27jTBDcf5ZY7w6RiqTMw2Q==}
    dev: false

  /uuid@8.3.2:
    resolution: {integrity: sha512-+NYs2QeMWy+GWFOEm9xnn6HCDp0l7QBD7ml8zLUmJ+93Q5NF0NocErnwkTkXVFNiX3/fpC6afS8Dhb/gz7R7eg==}
    hasBin: true
    dev: false

  /zod@3.22.4:
    resolution: {integrity: sha512-iC+8Io04lddc+mVqQ9AZ7OQ2MrUKGN+oIQyq1vemgt46jwCwLfhq7/pwnBnNXXXZb8VTVLKwp9EDkx+ryxIWmg==}
    dev: false
